
Microsoft Visual Studio Solution File, Format Version 12.00
# Visual Studio Version 17
VisualStudioVersion = 17.9.34728.123
MinimumVisualStudioVersion = 10.0.40219.1
Project("{FAE04EC0-301F-11D3-BF4B-00C04F79EFBC}") = "Todo_list", "Todo_list\Todo_list.csproj", "{797FE4F3-74A6-4094-8EF3-7828B454FB87}"
EndProject
Global
	GlobalSection(SolutionConfigurationPlatforms) = preSolution
		Debug|Any CPU = Debug|Any CPU
		Release|Any CPU = Release|Any CPU
	EndGlobalSection
	GlobalSection(ProjectConfigurationPlatforms) = postSolution
		{797FE4F3-74A6-4094-8EF3-7828B454FB87}.Debug|Any CPU.ActiveCfg = Debug|Any CPU
		{797FE4F3-74A6-4094-8EF3-7828B454FB87}.Debug|Any CPU.Build.0 = Debug|Any CPU
		{797FE4F3-74A6-4094-8EF3-7828B454FB87}.Release|Any CPU.ActiveCfg = Release|Any CPU
		{797FE4F3-74A6-4094-8EF3-7828B454FB87}.Release|Any CPU.Build.0 = Release|Any CPU
	EndGlobalSection
	GlobalSection(SolutionProperties) = preSolution
		HideSolutionNode = FALSE
	EndGlobalSection
	GlobalSection(ExtensibilityGlobals) = postSolution
		SolutionGuid = {F70D2E7C-0B55-48B5-8C25-6E7EE8E18E85}
	EndGlobalSection
EndGlobal
